// !$*UTF8*$!
{
	archiveVersion = 1;
	classes = {
	};
	objectVersion = 46;
	objects = {

/* Begin PBXBuildFile section */
		20125CC11FE219730006A70C /* KNVUNDImageRelatedToolTests.m in Sources */ = {isa = PBXBuildFile; fileRef = 20125CC01FE219730006A70C /* KNVUNDImageRelatedToolTests.m */; };
		204722D62064BD460031660C /* KNVUNDETVRelatedTagButtonModel.m in Sources */ = {isa = PBXBuildFile; fileRef = 204722D52064BD460031660C /* KNVUNDETVRelatedTagButtonModel.m */; };
		204722DA2064BE2A0031660C /* KNVUNDETVRelatedTagButtonCell.m in Sources */ = {isa = PBXBuildFile; fileRef = 204722D82064BE2A0031660C /* KNVUNDETVRelatedTagButtonCell.m */; };
		204722DB2064BE2A0031660C /* KNVUNDETVRelatedTagButtonCell.xib in Resources */ = {isa = PBXBuildFile; fileRef = 204722D92064BE2A0031660C /* KNVUNDETVRelatedTagButtonCell.xib */; };
		20680D2F22A7994A0014CAF4 /* KNVUNDLotsOfPropertiesModel.m in Sources */ = {isa = PBXBuildFile; fileRef = 20680D2E22A7994A0014CAF4 /* KNVUNDLotsOfPropertiesModel.m */; };
		20680D3022A79E3A0014CAF4 /* KNVUNDLotsOfPropertiesModel.m in Sources */ = {isa = PBXBuildFile; fileRef = 20680D2E22A7994A0014CAF4 /* KNVUNDLotsOfPropertiesModel.m */; };
		206E7A7222A9D53100CAC162 /* KNVUNDPropertyConvertingModel.m in Sources */ = {isa = PBXBuildFile; fileRef = 206E7A7022A9D53100CAC162 /* KNVUNDPropertyConvertingModel.m */; };
		209F79CB2325E12100B91881 /* KNVUNDNSObjectPropertyModifyRelatedTests.m in Sources */ = {isa = PBXBuildFile; fileRef = 209F79CA2325E12100B91881 /* KNVUNDNSObjectPropertyModifyRelatedTests.m */; };
		20C7D48025B1318D00D01EBC /* UNDPopOverListExampleTableViewCell.m in Sources */ = {isa = PBXBuildFile; fileRef = 20C7D47F25B1318D00D01EBC /* UNDPopOverListExampleTableViewCell.m */; };
		20C7D48325B1338100D01EBC /* UNDPopOverListTestDataSource.m in Sources */ = {isa = PBXBuildFile; fileRef = 20C7D48225B1338100D01EBC /* UNDPopOverListTestDataSource.m */; };
		20D66BB31FFDF4D000AB8E99 /* KNVUNDFormatedStringRelatedToolTests.m in Sources */ = {isa = PBXBuildFile; fileRef = 20D66BB11FFDF48D00AB8E99 /* KNVUNDFormatedStringRelatedToolTests.m */; };
		20D66BB81FFDF6BE00AB8E99 /* KNVUNDFSRToolHTMLLikeStringModel+TestRelated.m in Sources */ = {isa = PBXBuildFile; fileRef = 20D66BB71FFDF6BE00AB8E99 /* KNVUNDFSRToolHTMLLikeStringModel+TestRelated.m */; };
		33C0B25C8AE86D27B1D8765A /* Pods_KNVUNDBaseDevelopPackage_Tests.framework in Frameworks */ = {isa = PBXBuildFile; fileRef = 308B578D502E122EE3D3A58A /* Pods_KNVUNDBaseDevelopPackage_Tests.framework */; };
		6003F58E195388D20070C39A /* Foundation.framework in Frameworks */ = {isa = PBXBuildFile; fileRef = 6003F58D195388D20070C39A /* Foundation.framework */; };
		6003F590195388D20070C39A /* CoreGraphics.framework in Frameworks */ = {isa = PBXBuildFile; fileRef = 6003F58F195388D20070C39A /* CoreGraphics.framework */; };
		6003F592195388D20070C39A /* UIKit.framework in Frameworks */ = {isa = PBXBuildFile; fileRef = 6003F591195388D20070C39A /* UIKit.framework */; };
		6003F598195388D20070C39A /* InfoPlist.strings in Resources */ = {isa = PBXBuildFile; fileRef = 6003F596195388D20070C39A /* InfoPlist.strings */; };
		6003F59A195388D20070C39A /* main.m in Sources */ = {isa = PBXBuildFile; fileRef = 6003F599195388D20070C39A /* main.m */; };
		6003F59E195388D20070C39A /* KNVUNDAppDelegate.m in Sources */ = {isa = PBXBuildFile; fileRef = 6003F59D195388D20070C39A /* KNVUNDAppDelegate.m */; };
		6003F5A7195388D20070C39A /* KNVUNDViewController.m in Sources */ = {isa = PBXBuildFile; fileRef = 6003F5A6195388D20070C39A /* KNVUNDViewController.m */; };
		6003F5A9195388D20070C39A /* Images.xcassets in Resources */ = {isa = PBXBuildFile; fileRef = 6003F5A8195388D20070C39A /* Images.xcassets */; };
		6003F5B0195388D20070C39A /* XCTest.framework in Frameworks */ = {isa = PBXBuildFile; fileRef = 6003F5AF195388D20070C39A /* XCTest.framework */; };
		6003F5B1195388D20070C39A /* Foundation.framework in Frameworks */ = {isa = PBXBuildFile; fileRef = 6003F58D195388D20070C39A /* Foundation.framework */; };
		6003F5B2195388D20070C39A /* UIKit.framework in Frameworks */ = {isa = PBXBuildFile; fileRef = 6003F591195388D20070C39A /* UIKit.framework */; };
		6003F5BA195388D20070C39A /* InfoPlist.strings in Resources */ = {isa = PBXBuildFile; fileRef = 6003F5B8195388D20070C39A /* InfoPlist.strings */; };
		6003F5BC195388D20070C39A /* Tests.m in Sources */ = {isa = PBXBuildFile; fileRef = 6003F5BB195388D20070C39A /* Tests.m */; };
		71719F9F1E33DC2100824A3D /* LaunchScreen.storyboard in Resources */ = {isa = PBXBuildFile; fileRef = 71719F9D1E33DC2100824A3D /* LaunchScreen.storyboard */; };
		873B8AEB1B1F5CCA007FD442 /* Main.storyboard in Resources */ = {isa = PBXBuildFile; fileRef = 873B8AEA1B1F5CCA007FD442 /* Main.storyboard */; };
		C40BCA5605E9E28007D2F935 /* Pods_KNVUNDBaseDevelopPackage_Example.framework in Frameworks */ = {isa = PBXBuildFile; fileRef = C39B649BB8E4CD332AA4F968 /* Pods_KNVUNDBaseDevelopPackage_Example.framework */; };
/* End PBXBuildFile section */

/* Begin PBXContainerItemProxy section */
		6003F5B3195388D20070C39A /* PBXContainerItemProxy */ = {
			isa = PBXContainerItemProxy;
			containerPortal = 6003F582195388D10070C39A /* Project object */;
			proxyType = 1;
			remoteGlobalIDString = 6003F589195388D20070C39A;
			remoteInfo = KNVUNDBaseDevelopPackage;
		};
/* End PBXContainerItemProxy section */

/* Begin PBXFileReference section */
		20125CC01FE219730006A70C /* KNVUNDImageRelatedToolTests.m */ = {isa = PBXFileReference; fileEncoding = 4; lastKnownFileType = sourcecode.c.objc; path = KNVUNDImageRelatedToolTests.m; sourceTree = "<group>"; };
		204722D42064BD460031660C /* KNVUNDETVRelatedTagButtonModel.h */ = {isa = PBXFileReference; lastKnownFileType = sourcecode.c.h; path = KNVUNDETVRelatedTagButtonModel.h; sourceTree = "<group>"; };
		204722D52064BD460031660C /* KNVUNDETVRelatedTagButtonModel.m */ = {isa = PBXFileReference; lastKnownFileType = sourcecode.c.objc; path = KNVUNDETVRelatedTagButtonModel.m; sourceTree = "<group>"; };
		204722D72064BE2A0031660C /* KNVUNDETVRelatedTagButtonCell.h */ = {isa = PBXFileReference; lastKnownFileType = sourcecode.c.h; path = KNVUNDETVRelatedTagButtonCell.h; sourceTree = "<group>"; };
		204722D82064BE2A0031660C /* KNVUNDETVRelatedTagButtonCell.m */ = {isa = PBXFileReference; lastKnownFileType = sourcecode.c.objc; path = KNVUNDETVRelatedTagButtonCell.m; sourceTree = "<group>"; };
		204722D92064BE2A0031660C /* KNVUNDETVRelatedTagButtonCell.xib */ = {isa = PBXFileReference; lastKnownFileType = file.xib; path = KNVUNDETVRelatedTagButtonCell.xib; sourceTree = "<group>"; };
		20680D2D22A7994A0014CAF4 /* KNVUNDLotsOfPropertiesModel.h */ = {isa = PBXFileReference; lastKnownFileType = sourcecode.c.h; path = KNVUNDLotsOfPropertiesModel.h; sourceTree = "<group>"; };
		20680D2E22A7994A0014CAF4 /* KNVUNDLotsOfPropertiesModel.m */ = {isa = PBXFileReference; lastKnownFileType = sourcecode.c.objc; path = KNVUNDLotsOfPropertiesModel.m; sourceTree = "<group>"; };
		206E7A6F22A9D53100CAC162 /* KNVUNDPropertyConvertingModel.h */ = {isa = PBXFileReference; lastKnownFileType = sourcecode.c.h; path = KNVUNDPropertyConvertingModel.h; sourceTree = "<group>"; };
		206E7A7022A9D53100CAC162 /* KNVUNDPropertyConvertingModel.m */ = {isa = PBXFileReference; lastKnownFileType = sourcecode.c.objc; path = KNVUNDPropertyConvertingModel.m; sourceTree = "<group>"; };
		209F79CA2325E12100B91881 /* KNVUNDNSObjectPropertyModifyRelatedTests.m */ = {isa = PBXFileReference; lastKnownFileType = sourcecode.c.objc; path = KNVUNDNSObjectPropertyModifyRelatedTests.m; sourceTree = "<group>"; };
		20C7D47E25B1318D00D01EBC /* UNDPopOverListExampleTableViewCell.h */ = {isa = PBXFileReference; lastKnownFileType = sourcecode.c.h; path = UNDPopOverListExampleTableViewCell.h; sourceTree = "<group>"; };
		20C7D47F25B1318D00D01EBC /* UNDPopOverListExampleTableViewCell.m */ = {isa = PBXFileReference; lastKnownFileType = sourcecode.c.objc; path = UNDPopOverListExampleTableViewCell.m; sourceTree = "<group>"; };
		20C7D48125B1338100D01EBC /* UNDPopOverListTestDataSource.h */ = {isa = PBXFileReference; lastKnownFileType = sourcecode.c.h; path = UNDPopOverListTestDataSource.h; sourceTree = "<group>"; };
		20C7D48225B1338100D01EBC /* UNDPopOverListTestDataSource.m */ = {isa = PBXFileReference; lastKnownFileType = sourcecode.c.objc; path = UNDPopOverListTestDataSource.m; sourceTree = "<group>"; };
		20D66BB11FFDF48D00AB8E99 /* KNVUNDFormatedStringRelatedToolTests.m */ = {isa = PBXFileReference; fileEncoding = 4; lastKnownFileType = sourcecode.c.objc; path = KNVUNDFormatedStringRelatedToolTests.m; sourceTree = "<group>"; };
		20D66BB61FFDF6BE00AB8E99 /* KNVUNDFSRToolHTMLLikeStringModel+TestRelated.h */ = {isa = PBXFileReference; lastKnownFileType = sourcecode.c.h; path = "KNVUNDFSRToolHTMLLikeStringModel+TestRelated.h"; sourceTree = "<group>"; };
		20D66BB71FFDF6BE00AB8E99 /* KNVUNDFSRToolHTMLLikeStringModel+TestRelated.m */ = {isa = PBXFileReference; lastKnownFileType = sourcecode.c.objc; path = "KNVUNDFSRToolHTMLLikeStringModel+TestRelated.m"; sourceTree = "<group>"; };
		308B578D502E122EE3D3A58A /* Pods_KNVUNDBaseDevelopPackage_Tests.framework */ = {isa = PBXFileReference; explicitFileType = wrapper.framework; includeInIndex = 0; path = Pods_KNVUNDBaseDevelopPackage_Tests.framework; sourceTree = BUILT_PRODUCTS_DIR; };
		32252ECE5F71A3A55DBA61AB /* Pods-KNVUNDBaseDevelopPackage_Tests.debug.xcconfig */ = {isa = PBXFileReference; includeInIndex = 1; lastKnownFileType = text.xcconfig; name = "Pods-KNVUNDBaseDevelopPackage_Tests.debug.xcconfig"; path = "Pods/Target Support Files/Pods-KNVUNDBaseDevelopPackage_Tests/Pods-KNVUNDBaseDevelopPackage_Tests.debug.xcconfig"; sourceTree = "<group>"; };
		3DC883B47C0D2C8F7BB7BC9C /* Pods-KNVUNDBaseDevelopPackage_Tests.release.xcconfig */ = {isa = PBXFileReference; includeInIndex = 1; lastKnownFileType = text.xcconfig; name = "Pods-KNVUNDBaseDevelopPackage_Tests.release.xcconfig"; path = "Pods/Target Support Files/Pods-KNVUNDBaseDevelopPackage_Tests/Pods-KNVUNDBaseDevelopPackage_Tests.release.xcconfig"; sourceTree = "<group>"; };
		5B7C4545D6469BBBB77DBE70 /* README.md */ = {isa = PBXFileReference; includeInIndex = 1; lastKnownFileType = net.daringfireball.markdown; name = README.md; path = ../README.md; sourceTree = "<group>"; };
		6003F58A195388D20070C39A /* UNDBaseDevelopPackage_Example.app */ = {isa = PBXFileReference; explicitFileType = wrapper.application; includeInIndex = 0; path = UNDBaseDevelopPackage_Example.app; sourceTree = BUILT_PRODUCTS_DIR; };
		6003F58D195388D20070C39A /* Foundation.framework */ = {isa = PBXFileReference; lastKnownFileType = wrapper.framework; name = Foundation.framework; path = System/Library/Frameworks/Foundation.framework; sourceTree = SDKROOT; };
		6003F58F195388D20070C39A /* CoreGraphics.framework */ = {isa = PBXFileReference; lastKnownFileType = wrapper.framework; name = CoreGraphics.framework; path = System/Library/Frameworks/CoreGraphics.framework; sourceTree = SDKROOT; };
		6003F591195388D20070C39A /* UIKit.framework */ = {isa = PBXFileReference; lastKnownFileType = wrapper.framework; name = UIKit.framework; path = System/Library/Frameworks/UIKit.framework; sourceTree = SDKROOT; };
		6003F595195388D20070C39A /* KNVUNDBaseDevelopPackage-Info.plist */ = {isa = PBXFileReference; lastKnownFileType = text.plist.xml; path = "KNVUNDBaseDevelopPackage-Info.plist"; sourceTree = "<group>"; };
		6003F597195388D20070C39A /* en */ = {isa = PBXFileReference; lastKnownFileType = text.plist.strings; name = en; path = en.lproj/InfoPlist.strings; sourceTree = "<group>"; };
		6003F599195388D20070C39A /* main.m */ = {isa = PBXFileReference; lastKnownFileType = sourcecode.c.objc; path = main.m; sourceTree = "<group>"; };
		6003F59B195388D20070C39A /* KNVUNDBaseDevelopPackage-Prefix.pch */ = {isa = PBXFileReference; lastKnownFileType = sourcecode.c.h; path = "KNVUNDBaseDevelopPackage-Prefix.pch"; sourceTree = "<group>"; };
		6003F59C195388D20070C39A /* KNVUNDAppDelegate.h */ = {isa = PBXFileReference; lastKnownFileType = sourcecode.c.h; path = KNVUNDAppDelegate.h; sourceTree = "<group>"; };
		6003F59D195388D20070C39A /* KNVUNDAppDelegate.m */ = {isa = PBXFileReference; lastKnownFileType = sourcecode.c.objc; path = KNVUNDAppDelegate.m; sourceTree = "<group>"; };
		6003F5A5195388D20070C39A /* KNVUNDViewController.h */ = {isa = PBXFileReference; lastKnownFileType = sourcecode.c.h; path = KNVUNDViewController.h; sourceTree = "<group>"; };
		6003F5A6195388D20070C39A /* KNVUNDViewController.m */ = {isa = PBXFileReference; lastKnownFileType = sourcecode.c.objc; path = KNVUNDViewController.m; sourceTree = "<group>"; };
		6003F5A8195388D20070C39A /* Images.xcassets */ = {isa = PBXFileReference; lastKnownFileType = folder.assetcatalog; path = Images.xcassets; sourceTree = "<group>"; };
		6003F5AE195388D20070C39A /* KNVUNDBaseDevelopPackage_Tests.xctest */ = {isa = PBXFileReference; explicitFileType = wrapper.cfbundle; includeInIndex = 0; path = KNVUNDBaseDevelopPackage_Tests.xctest; sourceTree = BUILT_PRODUCTS_DIR; };
		6003F5AF195388D20070C39A /* XCTest.framework */ = {isa = PBXFileReference; lastKnownFileType = wrapper.framework; name = XCTest.framework; path = Library/Frameworks/XCTest.framework; sourceTree = DEVELOPER_DIR; };
		6003F5B7195388D20070C39A /* Tests-Info.plist */ = {isa = PBXFileReference; lastKnownFileType = text.plist.xml; path = "Tests-Info.plist"; sourceTree = "<group>"; };
		6003F5B9195388D20070C39A /* en */ = {isa = PBXFileReference; lastKnownFileType = text.plist.strings; name = en; path = en.lproj/InfoPlist.strings; sourceTree = "<group>"; };
		6003F5BB195388D20070C39A /* Tests.m */ = {isa = PBXFileReference; lastKnownFileType = sourcecode.c.objc; path = Tests.m; sourceTree = "<group>"; };
		606FC2411953D9B200FFA9A0 /* Tests-Prefix.pch */ = {isa = PBXFileReference; lastKnownFileType = sourcecode.c.h; path = "Tests-Prefix.pch"; sourceTree = "<group>"; };
		68B579335DEA22037A79DF23 /* LICENSE */ = {isa = PBXFileReference; includeInIndex = 1; lastKnownFileType = text; name = LICENSE; path = ../LICENSE; sourceTree = "<group>"; };
		71719F9E1E33DC2100824A3D /* Base */ = {isa = PBXFileReference; lastKnownFileType = file.storyboard; name = Base; path = Base.lproj/LaunchScreen.storyboard; sourceTree = "<group>"; };
		873B8AEA1B1F5CCA007FD442 /* Main.storyboard */ = {isa = PBXFileReference; fileEncoding = 4; lastKnownFileType = file.storyboard; name = Main.storyboard; path = Base.lproj/Main.storyboard; sourceTree = "<group>"; };
		B788B6600BC7DFBEB368FE3C /* Pods-KNVUNDBaseDevelopPackage_Example.debug.xcconfig */ = {isa = PBXFileReference; includeInIndex = 1; lastKnownFileType = text.xcconfig; name = "Pods-KNVUNDBaseDevelopPackage_Example.debug.xcconfig"; path = "Pods/Target Support Files/Pods-KNVUNDBaseDevelopPackage_Example/Pods-KNVUNDBaseDevelopPackage_Example.debug.xcconfig"; sourceTree = "<group>"; };
		C39B649BB8E4CD332AA4F968 /* Pods_KNVUNDBaseDevelopPackage_Example.framework */ = {isa = PBXFileReference; explicitFileType = wrapper.framework; includeInIndex = 0; path = Pods_KNVUNDBaseDevelopPackage_Example.framework; sourceTree = BUILT_PRODUCTS_DIR; };
		C4B77B0B2A4C121B7CBBC42F /* KNVUNDBaseDevelopPackage.podspec */ = {isa = PBXFileReference; includeInIndex = 1; lastKnownFileType = text; name = KNVUNDBaseDevelopPackage.podspec; path = ../KNVUNDBaseDevelopPackage.podspec; sourceTree = "<group>"; xcLanguageSpecificationIdentifier = xcode.lang.ruby; };
		F90F5E82713BD1E666D627EE /* Pods-KNVUNDBaseDevelopPackage_Example.release.xcconfig */ = {isa = PBXFileReference; includeInIndex = 1; lastKnownFileType = text.xcconfig; name = "Pods-KNVUNDBaseDevelopPackage_Example.release.xcconfig"; path = "Pods/Target Support Files/Pods-KNVUNDBaseDevelopPackage_Example/Pods-KNVUNDBaseDevelopPackage_Example.release.xcconfig"; sourceTree = "<group>"; };
/* End PBXFileReference section */

/* Begin PBXFrameworksBuildPhase section */
		6003F587195388D20070C39A /* Frameworks */ = {
			isa = PBXFrameworksBuildPhase;
			buildActionMask = 2147483647;
			files = (
				6003F590195388D20070C39A /* CoreGraphics.framework in Frameworks */,
				6003F592195388D20070C39A /* UIKit.framework in Frameworks */,
				6003F58E195388D20070C39A /* Foundation.framework in Frameworks */,
				C40BCA5605E9E28007D2F935 /* Pods_KNVUNDBaseDevelopPackage_Example.framework in Frameworks */,
			);
			runOnlyForDeploymentPostprocessing = 0;
		};
		6003F5AB195388D20070C39A /* Frameworks */ = {
			isa = PBXFrameworksBuildPhase;
			buildActionMask = 2147483647;
			files = (
				6003F5B0195388D20070C39A /* XCTest.framework in Frameworks */,
				6003F5B2195388D20070C39A /* UIKit.framework in Frameworks */,
				6003F5B1195388D20070C39A /* Foundation.framework in Frameworks */,
				33C0B25C8AE86D27B1D8765A /* Pods_KNVUNDBaseDevelopPackage_Tests.framework in Frameworks */,
			);
			runOnlyForDeploymentPostprocessing = 0;
		};
/* End PBXFrameworksBuildPhase section */

/* Begin PBXGroup section */
		20125CBF1FE219730006A70C /* Tools */ = {
			isa = PBXGroup;
			children = (
				20C9FB0820229375001293D3 /* KNVUNDImageRelatedTool */,
				20D66BB41FFDF67A00AB8E99 /* KNVUNDFormatedStringRelatedTool */,
			);
			path = Tools;
			sourceTree = "<group>";
		};
		2018191922A74AD200336150 /* Performance Tests */ = {
			isa = PBXGroup;
			children = (
				2018191A22A74AF000336150 /* KNVUNDPropertyModifyRelated */,
			);
			path = "Performance Tests";
			sourceTree = "<group>";
		};
		2018191A22A74AF000336150 /* KNVUNDPropertyModifyRelated */ = {
			isa = PBXGroup;
			children = (
				20680D2C22A799030014CAF4 /* Models */,
				209F79CA2325E12100B91881 /* KNVUNDNSObjectPropertyModifyRelatedTests.m */,
			);
			path = KNVUNDPropertyModifyRelated;
			sourceTree = "<group>";
		};
		204722D02064B4F00031660C /* Bridging Folder */ = {
			isa = PBXGroup;
			children = (
				204722D12064B5350031660C /* Expendable Table View and Tag Buttons */,
			);
			path = "Bridging Folder";
			sourceTree = "<group>";
		};
		204722D12064B5350031660C /* Expendable Table View and Tag Buttons */ = {
			isa = PBXGroup;
			children = (
				204722D32064B5610031660C /* Views */,
				204722D22064B5500031660C /* Models */,
			);
			path = "Expendable Table View and Tag Buttons";
			sourceTree = "<group>";
		};
		204722D22064B5500031660C /* Models */ = {
			isa = PBXGroup;
			children = (
				204722D42064BD460031660C /* KNVUNDETVRelatedTagButtonModel.h */,
				204722D52064BD460031660C /* KNVUNDETVRelatedTagButtonModel.m */,
			);
			path = Models;
			sourceTree = "<group>";
		};
		204722D32064B5610031660C /* Views */ = {
			isa = PBXGroup;
			children = (
				204722D72064BE2A0031660C /* KNVUNDETVRelatedTagButtonCell.h */,
				204722D82064BE2A0031660C /* KNVUNDETVRelatedTagButtonCell.m */,
				204722D92064BE2A0031660C /* KNVUNDETVRelatedTagButtonCell.xib */,
			);
			path = Views;
			sourceTree = "<group>";
		};
		20680D2C22A799030014CAF4 /* Models */ = {
			isa = PBXGroup;
			children = (
				20680D2D22A7994A0014CAF4 /* KNVUNDLotsOfPropertiesModel.h */,
				20680D2E22A7994A0014CAF4 /* KNVUNDLotsOfPropertiesModel.m */,
				206E7A6F22A9D53100CAC162 /* KNVUNDPropertyConvertingModel.h */,
				206E7A7022A9D53100CAC162 /* KNVUNDPropertyConvertingModel.m */,
			);
			path = Models;
			sourceTree = "<group>";
		};
		20C7D47D25B130E900D01EBC /* PopOverListRelated */ = {
			isa = PBXGroup;
			children = (
				20C7D47E25B1318D00D01EBC /* UNDPopOverListExampleTableViewCell.h */,
				20C7D47F25B1318D00D01EBC /* UNDPopOverListExampleTableViewCell.m */,
				20C7D48125B1338100D01EBC /* UNDPopOverListTestDataSource.h */,
				20C7D48225B1338100D01EBC /* UNDPopOverListTestDataSource.m */,
			);
			path = PopOverListRelated;
			sourceTree = "<group>";
		};
		20C9FB0820229375001293D3 /* KNVUNDImageRelatedTool */ = {
			isa = PBXGroup;
			children = (
				20125CC01FE219730006A70C /* KNVUNDImageRelatedToolTests.m */,
			);
			path = KNVUNDImageRelatedTool;
			sourceTree = "<group>";
		};
		20D66BB41FFDF67A00AB8E99 /* KNVUNDFormatedStringRelatedTool */ = {
			isa = PBXGroup;
			children = (
				20D66BB51FFDF68B00AB8E99 /* Models */,
				20D66BB11FFDF48D00AB8E99 /* KNVUNDFormatedStringRelatedToolTests.m */,
			);
			path = KNVUNDFormatedStringRelatedTool;
			sourceTree = "<group>";
		};
		20D66BB51FFDF68B00AB8E99 /* Models */ = {
			isa = PBXGroup;
			children = (
				20D66BB61FFDF6BE00AB8E99 /* KNVUNDFSRToolHTMLLikeStringModel+TestRelated.h */,
				20D66BB71FFDF6BE00AB8E99 /* KNVUNDFSRToolHTMLLikeStringModel+TestRelated.m */,
			);
			path = Models;
			sourceTree = "<group>";
		};
		6003F581195388D10070C39A = {
			isa = PBXGroup;
			children = (
				60FF7A9C1954A5C5007DD14C /* Podspec Metadata */,
				6003F593195388D20070C39A /* Example for KNVUNDBaseDevelopPackage */,
				6003F5B5195388D20070C39A /* Tests */,
				6003F58C195388D20070C39A /* Frameworks */,
				6003F58B195388D20070C39A /* Products */,
				7F47A33585FB4E291050B953 /* Pods */,
			);
			sourceTree = "<group>";
		};
		6003F58B195388D20070C39A /* Products */ = {
			isa = PBXGroup;
			children = (
				6003F58A195388D20070C39A /* UNDBaseDevelopPackage_Example.app */,
				6003F5AE195388D20070C39A /* KNVUNDBaseDevelopPackage_Tests.xctest */,
			);
			name = Products;
			sourceTree = "<group>";
		};
		6003F58C195388D20070C39A /* Frameworks */ = {
			isa = PBXGroup;
			children = (
				6003F58D195388D20070C39A /* Foundation.framework */,
				6003F58F195388D20070C39A /* CoreGraphics.framework */,
				6003F591195388D20070C39A /* UIKit.framework */,
				6003F5AF195388D20070C39A /* XCTest.framework */,
				C39B649BB8E4CD332AA4F968 /* Pods_KNVUNDBaseDevelopPackage_Example.framework */,
				308B578D502E122EE3D3A58A /* Pods_KNVUNDBaseDevelopPackage_Tests.framework */,
			);
			name = Frameworks;
			sourceTree = "<group>";
		};
		6003F593195388D20070C39A /* Example for KNVUNDBaseDevelopPackage */ = {
			isa = PBXGroup;
			children = (
				20C7D47D25B130E900D01EBC /* PopOverListRelated */,
				204722D02064B4F00031660C /* Bridging Folder */,
				6003F59C195388D20070C39A /* KNVUNDAppDelegate.h */,
				6003F59D195388D20070C39A /* KNVUNDAppDelegate.m */,
				873B8AEA1B1F5CCA007FD442 /* Main.storyboard */,
				6003F5A5195388D20070C39A /* KNVUNDViewController.h */,
				6003F5A6195388D20070C39A /* KNVUNDViewController.m */,
				71719F9D1E33DC2100824A3D /* LaunchScreen.storyboard */,
				6003F5A8195388D20070C39A /* Images.xcassets */,
				6003F594195388D20070C39A /* Supporting Files */,
			);
			name = "Example for KNVUNDBaseDevelopPackage";
			path = KNVUNDBaseDevelopPackage;
			sourceTree = "<group>";
		};
		6003F594195388D20070C39A /* Supporting Files */ = {
			isa = PBXGroup;
			children = (
				6003F595195388D20070C39A /* KNVUNDBaseDevelopPackage-Info.plist */,
				6003F596195388D20070C39A /* InfoPlist.strings */,
				6003F599195388D20070C39A /* main.m */,
				6003F59B195388D20070C39A /* KNVUNDBaseDevelopPackage-Prefix.pch */,
			);
			name = "Supporting Files";
			sourceTree = "<group>";
		};
		6003F5B5195388D20070C39A /* Tests */ = {
			isa = PBXGroup;
			children = (
				2018191922A74AD200336150 /* Performance Tests */,
				20125CBF1FE219730006A70C /* Tools */,
				6003F5BB195388D20070C39A /* Tests.m */,
				6003F5B6195388D20070C39A /* Supporting Files */,
			);
			path = Tests;
			sourceTree = "<group>";
		};
		6003F5B6195388D20070C39A /* Supporting Files */ = {
			isa = PBXGroup;
			children = (
				6003F5B7195388D20070C39A /* Tests-Info.plist */,
				6003F5B8195388D20070C39A /* InfoPlist.strings */,
				606FC2411953D9B200FFA9A0 /* Tests-Prefix.pch */,
			);
			name = "Supporting Files";
			sourceTree = "<group>";
		};
		60FF7A9C1954A5C5007DD14C /* Podspec Metadata */ = {
			isa = PBXGroup;
			children = (
				C4B77B0B2A4C121B7CBBC42F /* KNVUNDBaseDevelopPackage.podspec */,
				5B7C4545D6469BBBB77DBE70 /* README.md */,
				68B579335DEA22037A79DF23 /* LICENSE */,
			);
			name = "Podspec Metadata";
			sourceTree = "<group>";
		};
		7F47A33585FB4E291050B953 /* Pods */ = {
			isa = PBXGroup;
			children = (
				B788B6600BC7DFBEB368FE3C /* Pods-KNVUNDBaseDevelopPackage_Example.debug.xcconfig */,
				F90F5E82713BD1E666D627EE /* Pods-KNVUNDBaseDevelopPackage_Example.release.xcconfig */,
				32252ECE5F71A3A55DBA61AB /* Pods-KNVUNDBaseDevelopPackage_Tests.debug.xcconfig */,
				3DC883B47C0D2C8F7BB7BC9C /* Pods-KNVUNDBaseDevelopPackage_Tests.release.xcconfig */,
			);
			name = Pods;
			sourceTree = "<group>";
		};
/* End PBXGroup section */

/* Begin PBXNativeTarget section */
		6003F589195388D20070C39A /* KNVUNDBaseDevelopPackage_Example */ = {
			isa = PBXNativeTarget;
			buildConfigurationList = 6003F5BF195388D20070C39A /* Build configuration list for PBXNativeTarget "KNVUNDBaseDevelopPackage_Example" */;
			buildPhases = (
				79CEF33CA8DB34D99DA72C71 /* [CP] Check Pods Manifest.lock */,
				6003F586195388D20070C39A /* Sources */,
				6003F587195388D20070C39A /* Frameworks */,
				6003F588195388D20070C39A /* Resources */,
				05285808BB137DF65BA875D2 /* [CP] Embed Pods Frameworks */,
			);
			buildRules = (
			);
			dependencies = (
			);
			name = KNVUNDBaseDevelopPackage_Example;
			productName = KNVUNDBaseDevelopPackage;
			productReference = 6003F58A195388D20070C39A /* UNDBaseDevelopPackage_Example.app */;
			productType = "com.apple.product-type.application";
		};
		6003F5AD195388D20070C39A /* KNVUNDBaseDevelopPackage_Tests */ = {
			isa = PBXNativeTarget;
			buildConfigurationList = 6003F5C2195388D20070C39A /* Build configuration list for PBXNativeTarget "KNVUNDBaseDevelopPackage_Tests" */;
			buildPhases = (
				2FF687B525158D0675D88DF4 /* [CP] Check Pods Manifest.lock */,
				6003F5AA195388D20070C39A /* Sources */,
				6003F5AB195388D20070C39A /* Frameworks */,
				6003F5AC195388D20070C39A /* Resources */,
				C01072AC3D912181D07EB1BB /* [CP] Embed Pods Frameworks */,
			);
			buildRules = (
			);
			dependencies = (
				6003F5B4195388D20070C39A /* PBXTargetDependency */,
			);
			name = KNVUNDBaseDevelopPackage_Tests;
			productName = KNVUNDBaseDevelopPackageTests;
			productReference = 6003F5AE195388D20070C39A /* KNVUNDBaseDevelopPackage_Tests.xctest */;
			productType = "com.apple.product-type.bundle.unit-test";
		};
/* End PBXNativeTarget section */

/* Begin PBXProject section */
		6003F582195388D10070C39A /* Project object */ = {
			isa = PBXProject;
			attributes = {
				CLASSPREFIX = UND;
				LastUpgradeCheck = 0720;
				ORGANIZATIONNAME = "niyejunze.j@gmail.com";
				TargetAttributes = {
					6003F589195388D20070C39A = {
						DevelopmentTeam = G2A7N2MPK3;
					};
					6003F5AD195388D20070C39A = {
						DevelopmentTeam = G2A7N2MPK3;
						TestTargetID = 6003F589195388D20070C39A;
					};
				};
			};
			buildConfigurationList = 6003F585195388D10070C39A /* Build configuration list for PBXProject "KNVUNDBaseDevelopPackage" */;
			compatibilityVersion = "Xcode 3.2";
			developmentRegion = English;
			hasScannedForEncodings = 0;
			knownRegions = (
				English,
				en,
				Base,
			);
			mainGroup = 6003F581195388D10070C39A;
			productRefGroup = 6003F58B195388D20070C39A /* Products */;
			projectDirPath = "";
			projectRoot = "";
			targets = (
				6003F589195388D20070C39A /* KNVUNDBaseDevelopPackage_Example */,
				6003F5AD195388D20070C39A /* KNVUNDBaseDevelopPackage_Tests */,
			);
		};
/* End PBXProject section */

/* Begin PBXResourcesBuildPhase section */
		6003F588195388D20070C39A /* Resources */ = {
			isa = PBXResourcesBuildPhase;
			buildActionMask = 2147483647;
			files = (
				873B8AEB1B1F5CCA007FD442 /* Main.storyboard in Resources */,
				71719F9F1E33DC2100824A3D /* LaunchScreen.storyboard in Resources */,
				6003F5A9195388D20070C39A /* Images.xcassets in Resources */,
				6003F598195388D20070C39A /* InfoPlist.strings in Resources */,
				204722DB2064BE2A0031660C /* KNVUNDETVRelatedTagButtonCell.xib in Resources */,
			);
			runOnlyForDeploymentPostprocessing = 0;
		};
		6003F5AC195388D20070C39A /* Resources */ = {
			isa = PBXResourcesBuildPhase;
			buildActionMask = 2147483647;
			files = (
				6003F5BA195388D20070C39A /* InfoPlist.strings in Resources */,
			);
			runOnlyForDeploymentPostprocessing = 0;
		};
/* End PBXResourcesBuildPhase section */

/* Begin PBXShellScriptBuildPhase section */
		05285808BB137DF65BA875D2 /* [CP] Embed Pods Frameworks */ = {
			isa = PBXShellScriptBuildPhase;
			buildActionMask = 2147483647;
			files = (
			);
			inputPaths = (
				"${PODS_ROOT}/Target Support Files/Pods-KNVUNDBaseDevelopPackage_Example/Pods-KNVUNDBaseDevelopPackage_Example-frameworks.sh",
				"${BUILT_PRODUCTS_DIR}/HexColors/HexColors.framework",
				"${BUILT_PRODUCTS_DIR}/KNVUNDBaseDevelopPackage/KNVUNDBaseDevelopPackage.framework",
				"${BUILT_PRODUCTS_DIR}/LinqToObjectiveC/LinqToObjectiveC.framework",
				"${BUILT_PRODUCTS_DIR}/MZAppearance/MZAppearance.framework",
				"${BUILT_PRODUCTS_DIR}/MZFormSheetPresentationController/MZFormSheetPresentationController.framework",
				"${BUILT_PRODUCTS_DIR}/PPTopMostController/PPTopMostController.framework",
				"${BUILT_PRODUCTS_DIR}/RMessage/RMessage.framework",
				"${BUILT_PRODUCTS_DIR}/SVProgressHUD/SVProgressHUD.framework",
				"${BUILT_PRODUCTS_DIR}/ZXingObjC/ZXingObjC.framework",
				"${BUILT_PRODUCTS_DIR}/skpsmtpmessage/skpsmtpmessage.framework",
			);
			name = "[CP] Embed Pods Frameworks";
			outputPaths = (
				"${TARGET_BUILD_DIR}/${FRAMEWORKS_FOLDER_PATH}/HexColors.framework",
				"${TARGET_BUILD_DIR}/${FRAMEWORKS_FOLDER_PATH}/KNVUNDBaseDevelopPackage.framework",
				"${TARGET_BUILD_DIR}/${FRAMEWORKS_FOLDER_PATH}/LinqToObjectiveC.framework",
				"${TARGET_BUILD_DIR}/${FRAMEWORKS_FOLDER_PATH}/MZAppearance.framework",
				"${TARGET_BUILD_DIR}/${FRAMEWORKS_FOLDER_PATH}/MZFormSheetPresentationController.framework",
				"${TARGET_BUILD_DIR}/${FRAMEWORKS_FOLDER_PATH}/PPTopMostController.framework",
				"${TARGET_BUILD_DIR}/${FRAMEWORKS_FOLDER_PATH}/RMessage.framework",
				"${TARGET_BUILD_DIR}/${FRAMEWORKS_FOLDER_PATH}/SVProgressHUD.framework",
				"${TARGET_BUILD_DIR}/${FRAMEWORKS_FOLDER_PATH}/ZXingObjC.framework",
				"${TARGET_BUILD_DIR}/${FRAMEWORKS_FOLDER_PATH}/skpsmtpmessage.framework",
			);
			runOnlyForDeploymentPostprocessing = 0;
			shellPath = /bin/sh;
			shellScript = "\"${PODS_ROOT}/Target Support Files/Pods-KNVUNDBaseDevelopPackage_Example/Pods-KNVUNDBaseDevelopPackage_Example-frameworks.sh\"\n";
			showEnvVarsInLog = 0;
		};
		2FF687B525158D0675D88DF4 /* [CP] Check Pods Manifest.lock */ = {
			isa = PBXShellScriptBuildPhase;
			buildActionMask = 2147483647;
			files = (
			);
			inputPaths = (
				"${PODS_PODFILE_DIR_PATH}/Podfile.lock",
				"${PODS_ROOT}/Manifest.lock",
			);
			name = "[CP] Check Pods Manifest.lock";
			outputPaths = (
				"$(DERIVED_FILE_DIR)/Pods-KNVUNDBaseDevelopPackage_Tests-checkManifestLockResult.txt",
			);
			runOnlyForDeploymentPostprocessing = 0;
			shellPath = /bin/sh;
			shellScript = "diff \"${PODS_PODFILE_DIR_PATH}/Podfile.lock\" \"${PODS_ROOT}/Manifest.lock\" > /dev/null\nif [ $? != 0 ] ; then\n    # print error to STDERR\n    echo \"error: The sandbox is not in sync with the Podfile.lock. Run 'pod install' or update your CocoaPods installation.\" >&2\n    exit 1\nfi\n# This output is used by Xcode 'outputs' to avoid re-running this script phase.\necho \"SUCCESS\" > \"${SCRIPT_OUTPUT_FILE_0}\"\n";
			showEnvVarsInLog = 0;
		};
		79CEF33CA8DB34D99DA72C71 /* [CP] Check Pods Manifest.lock */ = {
			isa = PBXShellScriptBuildPhase;
			buildActionMask = 2147483647;
			files = (
			);
			inputPaths = (
				"${PODS_PODFILE_DIR_PATH}/Podfile.lock",
				"${PODS_ROOT}/Manifest.lock",
			);
			name = "[CP] Check Pods Manifest.lock";
			outputPaths = (
				"$(DERIVED_FILE_DIR)/Pods-KNVUNDBaseDevelopPackage_Example-checkManifestLockResult.txt",
			);
			runOnlyForDeploymentPostprocessing = 0;
			shellPath = /bin/sh;
			shellScript = "diff \"${PODS_PODFILE_DIR_PATH}/Podfile.lock\" \"${PODS_ROOT}/Manifest.lock\" > /dev/null\nif [ $? != 0 ] ; then\n    # print error to STDERR\n    echo \"error: The sandbox is not in sync with the Podfile.lock. Run 'pod install' or update your CocoaPods installation.\" >&2\n    exit 1\nfi\n# This output is used by Xcode 'outputs' to avoid re-running this script phase.\necho \"SUCCESS\" > \"${SCRIPT_OUTPUT_FILE_0}\"\n";
			showEnvVarsInLog = 0;
		};
		C01072AC3D912181D07EB1BB /* [CP] Embed Pods Frameworks */ = {
			isa = PBXShellScriptBuildPhase;
			buildActionMask = 2147483647;
			files = (
			);
			inputPaths = (
				"${PODS_ROOT}/Target Support Files/Pods-KNVUNDBaseDevelopPackage_Tests/Pods-KNVUNDBaseDevelopPackage_Tests-frameworks.sh",
				"${BUILT_PRODUCTS_DIR}/HexColors/HexColors.framework",
				"${BUILT_PRODUCTS_DIR}/KNVUNDBaseDevelopPackage/KNVUNDBaseDevelopPackage.framework",
				"${BUILT_PRODUCTS_DIR}/LinqToObjectiveC/LinqToObjectiveC.framework",
				"${BUILT_PRODUCTS_DIR}/MZAppearance/MZAppearance.framework",
				"${BUILT_PRODUCTS_DIR}/MZFormSheetPresentationController/MZFormSheetPresentationController.framework",
				"${BUILT_PRODUCTS_DIR}/PPTopMostController/PPTopMostController.framework",
				"${BUILT_PRODUCTS_DIR}/RMessage/RMessage.framework",
				"${BUILT_PRODUCTS_DIR}/SVProgressHUD/SVProgressHUD.framework",
				"${BUILT_PRODUCTS_DIR}/ZXingObjC/ZXingObjC.framework",
				"${BUILT_PRODUCTS_DIR}/skpsmtpmessage/skpsmtpmessage.framework",
				"${BUILT_PRODUCTS_DIR}/Expecta/Expecta.framework",
				"${BUILT_PRODUCTS_DIR}/Expecta+Snapshots/Expecta_Snapshots.framework",
				"${BUILT_PRODUCTS_DIR}/FBSnapshotTestCase/FBSnapshotTestCase.framework",
				"${BUILT_PRODUCTS_DIR}/Specta/Specta.framework",
			);
			name = "[CP] Embed Pods Frameworks";
			outputPaths = (
				"${TARGET_BUILD_DIR}/${FRAMEWORKS_FOLDER_PATH}/HexColors.framework",
				"${TARGET_BUILD_DIR}/${FRAMEWORKS_FOLDER_PATH}/KNVUNDBaseDevelopPackage.framework",
				"${TARGET_BUILD_DIR}/${FRAMEWORKS_FOLDER_PATH}/LinqToObjectiveC.framework",
				"${TARGET_BUILD_DIR}/${FRAMEWORKS_FOLDER_PATH}/MZAppearance.framework",
				"${TARGET_BUILD_DIR}/${FRAMEWORKS_FOLDER_PATH}/MZFormSheetPresentationController.framework",
				"${TARGET_BUILD_DIR}/${FRAMEWORKS_FOLDER_PATH}/PPTopMostController.framework",
				"${TARGET_BUILD_DIR}/${FRAMEWORKS_FOLDER_PATH}/RMessage.framework",
				"${TARGET_BUILD_DIR}/${FRAMEWORKS_FOLDER_PATH}/SVProgressHUD.framework",
				"${TARGET_BUILD_DIR}/${FRAMEWORKS_FOLDER_PATH}/ZXingObjC.framework",
				"${TARGET_BUILD_DIR}/${FRAMEWORKS_FOLDER_PATH}/skpsmtpmessage.framework",
				"${TARGET_BUILD_DIR}/${FRAMEWORKS_FOLDER_PATH}/Expecta.framework",
				"${TARGET_BUILD_DIR}/${FRAMEWORKS_FOLDER_PATH}/Expecta_Snapshots.framework",
				"${TARGET_BUILD_DIR}/${FRAMEWORKS_FOLDER_PATH}/FBSnapshotTestCase.framework",
				"${TARGET_BUILD_DIR}/${FRAMEWORKS_FOLDER_PATH}/Specta.framework",
			);
			runOnlyForDeploymentPostprocessing = 0;
			shellPath = /bin/sh;
			shellScript = "\"${PODS_ROOT}/Target Support Files/Pods-KNVUNDBaseDevelopPackage_Tests/Pods-KNVUNDBaseDevelopPackage_Tests-frameworks.sh\"\n";
			showEnvVarsInLog = 0;
		};
/* End PBXShellScriptBuildPhase section */

/* Begin PBXSourcesBuildPhase section */
		6003F586195388D20070C39A /* Sources */ = {
			isa = PBXSourcesBuildPhase;
			buildActionMask = 2147483647;
			files = (
				204722D62064BD460031660C /* KNVUNDETVRelatedTagButtonModel.m in Sources */,
				20680D3022A79E3A0014CAF4 /* KNVUNDLotsOfPropertiesModel.m in Sources */,
				20C7D48325B1338100D01EBC /* UNDPopOverListTestDataSource.m in Sources */,
				20C7D48025B1318D00D01EBC /* UNDPopOverListExampleTableViewCell.m in Sources */,
				6003F59E195388D20070C39A /* KNVUNDAppDelegate.m in Sources */,
				204722DA2064BE2A0031660C /* KNVUNDETVRelatedTagButtonCell.m in Sources */,
				6003F5A7195388D20070C39A /* KNVUNDViewController.m in Sources */,
				6003F59A195388D20070C39A /* main.m in Sources */,
			);
			runOnlyForDeploymentPostprocessing = 0;
		};
		6003F5AA195388D20070C39A /* Sources */ = {
			isa = PBXSourcesBuildPhase;
			buildActionMask = 2147483647;
			files = (
				20D66BB31FFDF4D000AB8E99 /* KNVUNDFormatedStringRelatedToolTests.m in Sources */,
				20680D2F22A7994A0014CAF4 /* KNVUNDLotsOfPropertiesModel.m in Sources */,
				206E7A7222A9D53100CAC162 /* KNVUNDPropertyConvertingModel.m in Sources */,
				6003F5BC195388D20070C39A /* Tests.m in Sources */,
				209F79CB2325E12100B91881 /* KNVUNDNSObjectPropertyModifyRelatedTests.m in Sources */,
				20D66BB81FFDF6BE00AB8E99 /* KNVUNDFSRToolHTMLLikeStringModel+TestRelated.m in Sources */,
				20125CC11FE219730006A70C /* KNVUNDImageRelatedToolTests.m in Sources */,
			);
			runOnlyForDeploymentPostprocessing = 0;
		};
/* End PBXSourcesBuildPhase section */

/* Begin PBXTargetDependency section */
		6003F5B4195388D20070C39A /* PBXTargetDependency */ = {
			isa = PBXTargetDependency;
			target = 6003F589195388D20070C39A /* KNVUNDBaseDevelopPackage_Example */;
			targetProxy = 6003F5B3195388D20070C39A /* PBXContainerItemProxy */;
		};
/* End PBXTargetDependency section */

/* Begin PBXVariantGroup section */
		6003F596195388D20070C39A /* InfoPlist.strings */ = {
			isa = PBXVariantGroup;
			children = (
				6003F597195388D20070C39A /* en */,
			);
			name = InfoPlist.strings;
			sourceTree = "<group>";
		};
		6003F5B8195388D20070C39A /* InfoPlist.strings */ = {
			isa = PBXVariantGroup;
			children = (
				6003F5B9195388D20070C39A /* en */,
			);
			name = InfoPlist.strings;
			sourceTree = "<group>";
		};
		71719F9D1E33DC2100824A3D /* LaunchScreen.storyboard */ = {
			isa = PBXVariantGroup;
			children = (
				71719F9E1E33DC2100824A3D /* Base */,
			);
			name = LaunchScreen.storyboard;
			sourceTree = "<group>";
		};
/* End PBXVariantGroup section */

/* Begin XCBuildConfiguration section */
		6003F5BD195388D20070C39A /* Debug */ = {
			isa = XCBuildConfiguration;
			buildSettings = {
				ALWAYS_SEARCH_USER_PATHS = NO;
				CLANG_CXX_LANGUAGE_STANDARD = "gnu++0x";
				CLANG_CXX_LIBRARY = "libc++";
				CLANG_ENABLE_MODULES = YES;
				CLANG_ENABLE_OBJC_ARC = YES;
				CLANG_WARN_BOOL_CONVERSION = YES;
				CLANG_WARN_CONSTANT_CONVERSION = YES;
				CLANG_WARN_DIRECT_OBJC_ISA_USAGE = YES_ERROR;
				CLANG_WARN_EMPTY_BODY = YES;
				CLANG_WARN_ENUM_CONVERSION = YES;
				CLANG_WARN_INT_CONVERSION = YES;
				CLANG_WARN_OBJC_ROOT_CLASS = YES_ERROR;
				CLANG_WARN__DUPLICATE_METHOD_MATCH = YES;
				"CODE_SIGN_IDENTITY[sdk=iphoneos*]" = "iPhone Developer";
				COPY_PHASE_STRIP = NO;
				ENABLE_TESTABILITY = YES;
				GCC_C_LANGUAGE_STANDARD = gnu99;
				GCC_DYNAMIC_NO_PIC = NO;
				GCC_OPTIMIZATION_LEVEL = 0;
				GCC_PREPROCESSOR_DEFINITIONS = (
					"DEBUG=1",
					"$(inherited)",
				);
				GCC_SYMBOLS_PRIVATE_EXTERN = NO;
				GCC_WARN_64_TO_32_BIT_CONVERSION = YES;
				GCC_WARN_ABOUT_RETURN_TYPE = YES_ERROR;
				GCC_WARN_UNDECLARED_SELECTOR = YES;
				GCC_WARN_UNINITIALIZED_AUTOS = YES_AGGRESSIVE;
				GCC_WARN_UNUSED_FUNCTION = YES;
				GCC_WARN_UNUSED_VARIABLE = YES;
				IPHONEOS_DEPLOYMENT_TARGET = 9.3;
				ONLY_ACTIVE_ARCH = YES;
				SDKROOT = iphoneos;
				TARGETED_DEVICE_FAMILY = "1,2";
			};
			name = Debug;
		};
		6003F5BE195388D20070C39A /* Release */ = {
			isa = XCBuildConfiguration;
			buildSettings = {
				ALWAYS_SEARCH_USER_PATHS = NO;
				CLANG_CXX_LANGUAGE_STANDARD = "gnu++0x";
				CLANG_CXX_LIBRARY = "libc++";
				CLANG_ENABLE_MODULES = YES;
				CLANG_ENABLE_OBJC_ARC = YES;
				CLANG_WARN_BOOL_CONVERSION = YES;
				CLANG_WARN_CONSTANT_CONVERSION = YES;
				CLANG_WARN_DIRECT_OBJC_ISA_USAGE = YES_ERROR;
				CLANG_WARN_EMPTY_BODY = YES;
				CLANG_WARN_ENUM_CONVERSION = YES;
				CLANG_WARN_INT_CONVERSION = YES;
				CLANG_WARN_OBJC_ROOT_CLASS = YES_ERROR;
				CLANG_WARN__DUPLICATE_METHOD_MATCH = YES;
				"CODE_SIGN_IDENTITY[sdk=iphoneos*]" = "iPhone Developer";
				COPY_PHASE_STRIP = YES;
				ENABLE_NS_ASSERTIONS = NO;
				GCC_C_LANGUAGE_STANDARD = gnu99;
				GCC_WARN_64_TO_32_BIT_CONVERSION = YES;
				GCC_WARN_ABOUT_RETURN_TYPE = YES_ERROR;
				GCC_WARN_UNDECLARED_SELECTOR = YES;
				GCC_WARN_UNINITIALIZED_AUTOS = YES_AGGRESSIVE;
				GCC_WARN_UNUSED_FUNCTION = YES;
				GCC_WARN_UNUSED_VARIABLE = YES;
				IPHONEOS_DEPLOYMENT_TARGET = 9.3;
				SDKROOT = iphoneos;
				TARGETED_DEVICE_FAMILY = "1,2";
				VALIDATE_PRODUCT = YES;
			};
			name = Release;
		};
		6003F5C0195388D20070C39A /* Debug */ = {
			isa = XCBuildConfiguration;
			baseConfigurationReference = B788B6600BC7DFBEB368FE3C /* Pods-KNVUNDBaseDevelopPackage_Example.debug.xcconfig */;
			buildSettings = {
				ASSETCATALOG_COMPILER_APPICON_NAME = AppIcon;
				CLANG_ALLOW_NON_MODULAR_INCLUDES_IN_FRAMEWORK_MODULES = YES;
				DEVELOPMENT_TEAM = G2A7N2MPK3;
				GCC_PRECOMPILE_PREFIX_HEADER = YES;
				GCC_PREFIX_HEADER = "KNVUNDBaseDevelopPackage/KNVUNDBaseDevelopPackage-Prefix.pch";
				INFOPLIST_FILE = "KNVUNDBaseDevelopPackage/KNVUNDBaseDevelopPackage-Info.plist";
				MODULE_NAME = ExampleApp;
				PRODUCT_BUNDLE_IDENTIFIER = "org.cocoapods.demo.${PRODUCT_NAME:rfc1034identifier}";
				PRODUCT_NAME = UNDBaseDevelopPackage_Example;
				WRAPPER_EXTENSION = app;
			};
			name = Debug;
		};
		6003F5C1195388D20070C39A /* Release */ = {
			isa = XCBuildConfiguration;
			baseConfigurationReference = F90F5E82713BD1E666D627EE /* Pods-KNVUNDBaseDevelopPackage_Example.release.xcconfig */;
			buildSettings = {
				ASSETCATALOG_COMPILER_APPICON_NAME = AppIcon;
				CLANG_ALLOW_NON_MODULAR_INCLUDES_IN_FRAMEWORK_MODULES = YES;
				DEVELOPMENT_TEAM = G2A7N2MPK3;
				GCC_PRECOMPILE_PREFIX_HEADER = YES;
				GCC_PREFIX_HEADER = "KNVUNDBaseDevelopPackage/KNVUNDBaseDevelopPackage-Prefix.pch";
				INFOPLIST_FILE = "KNVUNDBaseDevelopPackage/KNVUNDBaseDevelopPackage-Info.plist";
				MODULE_NAME = ExampleApp;
				PRODUCT_BUNDLE_IDENTIFIER = "org.cocoapods.demo.${PRODUCT_NAME:rfc1034identifier}";
				PRODUCT_NAME = UNDBaseDevelopPackage_Example;
				WRAPPER_EXTENSION = app;
			};
			name = Release;
		};
		6003F5C3195388D20070C39A /* Debug */ = {
			isa = XCBuildConfiguration;
			baseConfigurationReference = 32252ECE5F71A3A55DBA61AB /* Pods-KNVUNDBaseDevelopPackage_Tests.debug.xcconfig */;
			buildSettings = {
				BUNDLE_LOADER = "$(TEST_HOST)";
				DEVELOPMENT_TEAM = G2A7N2MPK3;
				FRAMEWORK_SEARCH_PATHS = (
					"$(SDKROOT)/Developer/Library/Frameworks",
					"$(inherited)",
					"$(DEVELOPER_FRAMEWORKS_DIR)",
				);
				GCC_PRECOMPILE_PREFIX_HEADER = YES;
				GCC_PREFIX_HEADER = "Tests/Tests-Prefix.pch";
				GCC_PREPROCESSOR_DEFINITIONS = (
					"DEBUG=1",
					"$(inherited)",
				);
				INFOPLIST_FILE = "Tests/Tests-Info.plist";
				PRODUCT_BUNDLE_IDENTIFIER = "org.cocoapods.demo.${PRODUCT_NAME:rfc1034identifier}";
				PRODUCT_NAME = "$(TARGET_NAME)";
				TEST_HOST = "$(BUILT_PRODUCTS_DIR)/KNVUNDBaseDevelopPackage_Example.app/KNVUNDBaseDevelopPackage_Example";
				WRAPPER_EXTENSION = xctest;
			};
			name = Debug;
		};
		6003F5C4195388D20070C39A /* Release */ = {
			isa = XCBuildConfiguration;
			baseConfigurationReference = 3DC883B47C0D2C8F7BB7BC9C /* Pods-KNVUNDBaseDevelopPackage_Tests.release.xcconfig */;
			buildSettings = {
				BUNDLE_LOADER = "$(TEST_HOST)";
				DEVELOPMENT_TEAM = G2A7N2MPK3;
				FRAMEWORK_SEARCH_PATHS = (
					"$(SDKROOT)/Developer/Library/Frameworks",
					"$(inherited)",
					"$(DEVELOPER_FRAMEWORKS_DIR)",
				);
				GCC_PRECOMPILE_PREFIX_HEADER = YES;
				GCC_PREFIX_HEADER = "Tests/Tests-Prefix.pch";
				INFOPLIST_FILE = "Tests/Tests-Info.plist";
				PRODUCT_BUNDLE_IDENTIFIER = "org.cocoapods.demo.${PRODUCT_NAME:rfc1034identifier}";
				PRODUCT_NAME = "$(TARGET_NAME)";
				TEST_HOST = "$(BUILT_PRODUCTS_DIR)/KNVUNDBaseDevelopPackage_Example.app/KNVUNDBaseDevelopPackage_Example";
				WRAPPER_EXTENSION = xctest;
			};
			name = Release;
		};
/* End XCBuildConfiguration section */

/* Begin XCConfigurationList section */
		6003F585195388D10070C39A /* Build configuration list for PBXProject "KNVUNDBaseDevelopPackage" */ = {
			isa = XCConfigurationList;
			buildConfigurations = (
				6003F5BD195388D20070C39A /* Debug */,
				6003F5BE195388D20070C39A /* Release */,
			);
			defaultConfigurationIsVisible = 0;
			defaultConfigurationName = Release;
		};
		6003F5BF195388D20070C39A /* Build configuration list for PBXNativeTarget "KNVUNDBaseDevelopPackage_Example" */ = {
			isa = XCConfigurationList;
			buildConfigurations = (
				6003F5C0195388D20070C39A /* Debug */,
				6003F5C1195388D20070C39A /* Release */,
			);
			defaultConfigurationIsVisible = 0;
			defaultConfigurationName = Release;
		};
		6003F5C2195388D20070C39A /* Build configuration list for PBXNativeTarget "KNVUNDBaseDevelopPackage_Tests" */ = {
			isa = XCConfigurationList;
			buildConfigurations = (
				6003F5C3195388D20070C39A /* Debug */,
				6003F5C4195388D20070C39A /* Release */,
			);
			defaultConfigurationIsVisible = 0;
			defaultConfigurationName = Release;
		};
/* End XCConfigurationList section */
	};
	rootObject = 6003F582195388D10070C39A /* Project object */;
}
